
Microsoft Visual Studio Solution File, Format Version 12.00
# Visual Studio Version 17
VisualStudioVersion = 17.4.33110.190
MinimumVisualStudioVersion = 10.0.40219.1
Project("{9A19103F-16F7-4668-BE54-9A1E7A4F7556}") = "BuyIt.Core.Domain", "BuyIt.Core.Domain\BuyIt.Core.Domain.csproj", "{20355561-DB69-499A-B424-A20BB13AC691}"
EndProject
Project("{9A19103F-16F7-4668-BE54-9A1E7A4F7556}") = "BuyIt.Core.Application", "BuyIt.Core.Application\BuyIt.Core.Application.csproj", "{05E3EDE9-BBB5-4587-870C-D958ECFDC507}"
EndProject
Project("{9A19103F-16F7-4668-BE54-9A1E7A4F7556}") = "BuyIt.Infrastructure.Persistence", "BuyIt.Infrastructure.Persistence\BuyIt.Infrastructure.Persistence.csproj", "{673AB8F2-2A2A-46C8-B477-78C5778C5F72}"
EndProject
Project("{2150E333-8FDC-42A3-9474-1A3956D46DE8}") = "Presentation", "Presentation", "{36C0D90B-D19A-4548-8E8D-BFA76A9B4158}"
EndProject
Project("{9A19103F-16F7-4668-BE54-9A1E7A4F7556}") = "BuyIt.Presentation.WebAPI", "BuyIt.Presentation.WebAPI\BuyIt.Presentation.WebAPI.csproj", "{803F6A49-C804-4159-B27B-B6E722E51C37}"
EndProject
Project("{2150E333-8FDC-42A3-9474-1A3956D46DE8}") = "Core", "Core", "{3A954F7A-F7C5-47AC-B21A-895D7AA0560E}"
EndProject
Project("{2150E333-8FDC-42A3-9474-1A3956D46DE8}") = "Infrastructure", "Infrastructure", "{8A28E5D6-6C90-495E-BC08-FDBD5891E06A}"
EndProject
Project("{2150E333-8FDC-42A3-9474-1A3956D46DE8}") = "Tests", "Tests", "{76AC51E4-C734-4332-BBA3-BB9A3BDD7F4E}"
EndProject
Project("{FAE04EC0-301F-11D3-BF4B-00C04F79EFBC}") = "BuyIt.Tests.UnitTests", "BuyIt.Tests.UnitTests\BuyIt.Tests.UnitTests.csproj", "{19C76111-88BB-481D-8D10-FC4AEC9E76A8}"
EndProject
Global
	GlobalSection(SolutionConfigurationPlatforms) = preSolution
		Debug|Any CPU = Debug|Any CPU
		Release|Any CPU = Release|Any CPU
	EndGlobalSection
	GlobalSection(ProjectConfigurationPlatforms) = postSolution
		{20355561-DB69-499A-B424-A20BB13AC691}.Debug|Any CPU.ActiveCfg = Debug|Any CPU
		{20355561-DB69-499A-B424-A20BB13AC691}.Debug|Any CPU.Build.0 = Debug|Any CPU
		{20355561-DB69-499A-B424-A20BB13AC691}.Release|Any CPU.ActiveCfg = Release|Any CPU
		{20355561-DB69-499A-B424-A20BB13AC691}.Release|Any CPU.Build.0 = Release|Any CPU
		{05E3EDE9-BBB5-4587-870C-D958ECFDC507}.Debug|Any CPU.ActiveCfg = Debug|Any CPU
		{05E3EDE9-BBB5-4587-870C-D958ECFDC507}.Debug|Any CPU.Build.0 = Debug|Any CPU
		{05E3EDE9-BBB5-4587-870C-D958ECFDC507}.Release|Any CPU.ActiveCfg = Release|Any CPU
		{05E3EDE9-BBB5-4587-870C-D958ECFDC507}.Release|Any CPU.Build.0 = Release|Any CPU
		{673AB8F2-2A2A-46C8-B477-78C5778C5F72}.Debug|Any CPU.ActiveCfg = Debug|Any CPU
		{673AB8F2-2A2A-46C8-B477-78C5778C5F72}.Debug|Any CPU.Build.0 = Debug|Any CPU
		{673AB8F2-2A2A-46C8-B477-78C5778C5F72}.Release|Any CPU.ActiveCfg = Release|Any CPU
		{673AB8F2-2A2A-46C8-B477-78C5778C5F72}.Release|Any CPU.Build.0 = Release|Any CPU
		{803F6A49-C804-4159-B27B-B6E722E51C37}.Debug|Any CPU.ActiveCfg = Debug|Any CPU
		{803F6A49-C804-4159-B27B-B6E722E51C37}.Debug|Any CPU.Build.0 = Debug|Any CPU
		{803F6A49-C804-4159-B27B-B6E722E51C37}.Release|Any CPU.ActiveCfg = Release|Any CPU
		{803F6A49-C804-4159-B27B-B6E722E51C37}.Release|Any CPU.Build.0 = Release|Any CPU
		{19C76111-88BB-481D-8D10-FC4AEC9E76A8}.Debug|Any CPU.ActiveCfg = Debug|Any CPU
		{19C76111-88BB-481D-8D10-FC4AEC9E76A8}.Debug|Any CPU.Build.0 = Debug|Any CPU
		{19C76111-88BB-481D-8D10-FC4AEC9E76A8}.Release|Any CPU.ActiveCfg = Release|Any CPU
		{19C76111-88BB-481D-8D10-FC4AEC9E76A8}.Release|Any CPU.Build.0 = Release|Any CPU
	EndGlobalSection
	GlobalSection(SolutionProperties) = preSolution
		HideSolutionNode = FALSE
	EndGlobalSection
	GlobalSection(NestedProjects) = preSolution
		{803F6A49-C804-4159-B27B-B6E722E51C37} = {36C0D90B-D19A-4548-8E8D-BFA76A9B4158}
		{05E3EDE9-BBB5-4587-870C-D958ECFDC507} = {3A954F7A-F7C5-47AC-B21A-895D7AA0560E}
		{20355561-DB69-499A-B424-A20BB13AC691} = {3A954F7A-F7C5-47AC-B21A-895D7AA0560E}
		{673AB8F2-2A2A-46C8-B477-78C5778C5F72} = {8A28E5D6-6C90-495E-BC08-FDBD5891E06A}
		{19C76111-88BB-481D-8D10-FC4AEC9E76A8} = {76AC51E4-C734-4332-BBA3-BB9A3BDD7F4E}
	EndGlobalSection
	GlobalSection(ExtensibilityGlobals) = postSolution
		SolutionGuid = {69CDCE90-82CD-44E0-BC69-5B8371C476ED}
	EndGlobalSection
EndGlobal
